
Microsoft Visual Studio Solution File, Format Version 12.00
# Visual Studio Version 16
VisualStudioVersion = 16.0.30804.86
MinimumVisualStudioVersion = 10.0.40219.1
Project("{FAE04EC0-301F-11D3-BF4B-00C04F79EFBC}") = "ConsumindoWebApi", "ConsumindoWebApi\ConsumindoWebApi.csproj", "{57071D80-0D18-4885-9663-954BD2FAF2A1}"
EndProject
Global
	GlobalSection(SolutionConfigurationPlatforms) = preSolution
		Debug|Any CPU = Debug|Any CPU
		Release|Any CPU = Release|Any CPU
	EndGlobalSection
	GlobalSection(ProjectConfigurationPlatforms) = postSolution
		{57071D80-0D18-4885-9663-954BD2FAF2A1}.Debug|Any CPU.ActiveCfg = Debug|Any CPU
		{57071D80-0D18-4885-9663-954BD2FAF2A1}.Debug|Any CPU.Build.0 = Debug|Any CPU
		{57071D80-0D18-4885-9663-954BD2FAF2A1}.Release|Any CPU.ActiveCfg = Release|Any CPU
		{57071D80-0D18-4885-9663-954BD2FAF2A1}.Release|Any CPU.Build.0 = Release|Any CPU
	EndGlobalSection
	GlobalSection(SolutionProperties) = preSolution
		HideSolutionNode = FALSE
	EndGlobalSection
	GlobalSection(ExtensibilityGlobals) = postSolution
		SolutionGuid = {38624DE4-BC10-497F-B2FB-1E4C32C925CF}
	EndGlobalSection
EndGlobal
